
Microsoft Visual Studio Solution File, Format Version 12.00
# Visual Studio Version 17
VisualStudioVersion = 17.13.35828.75 d17.13
MinimumVisualStudioVersion = 10.0.40219.1
Project("{FAE04EC0-301F-11D3-BF4B-00C04F79EFBC}") = "Resume.API", "Resume.API\Resume.API.csproj", "{1D007A25-54C0-41E1-A009-DE6859E2E0B5}"
EndProject
Project("{FAE04EC0-301F-11D3-BF4B-00C04F79EFBC}") = "Resume.Data", "Resume.Data\Resume.Data.csproj", "{A899AEEB-A334-4AD4-A28E-B259D3DCBDC4}"
EndProject
Project("{FAE04EC0-301F-11D3-BF4B-00C04F79EFBC}") = "Resume.Core", "Resume.Core\Resume.Core.csproj", "{86AD6972-8DA5-4AB0-810E-D21A484AC5A3}"
EndProject
Project("{FAE04EC0-301F-11D3-BF4B-00C04F79EFBC}") = "Resume.Service", "Resume.Service\Resume.Service.csproj", "{99D5BB70-2469-451D-AB84-62BC0B85704E}"
EndProject
Global
	GlobalSection(SolutionConfigurationPlatforms) = preSolution
		Debug|Any CPU = Debug|Any CPU
		Release|Any CPU = Release|Any CPU
	EndGlobalSection
	GlobalSection(ProjectConfigurationPlatforms) = postSolution
		{1D007A25-54C0-41E1-A009-DE6859E2E0B5}.Debug|Any CPU.ActiveCfg = Debug|Any CPU
		{1D007A25-54C0-41E1-A009-DE6859E2E0B5}.Debug|Any CPU.Build.0 = Debug|Any CPU
		{1D007A25-54C0-41E1-A009-DE6859E2E0B5}.Release|Any CPU.ActiveCfg = Release|Any CPU
		{1D007A25-54C0-41E1-A009-DE6859E2E0B5}.Release|Any CPU.Build.0 = Release|Any CPU
		{A899AEEB-A334-4AD4-A28E-B259D3DCBDC4}.Debug|Any CPU.ActiveCfg = Debug|Any CPU
		{A899AEEB-A334-4AD4-A28E-B259D3DCBDC4}.Debug|Any CPU.Build.0 = Debug|Any CPU
		{A899AEEB-A334-4AD4-A28E-B259D3DCBDC4}.Release|Any CPU.ActiveCfg = Release|Any CPU
		{A899AEEB-A334-4AD4-A28E-B259D3DCBDC4}.Release|Any CPU.Build.0 = Release|Any CPU
		{86AD6972-8DA5-4AB0-810E-D21A484AC5A3}.Debug|Any CPU.ActiveCfg = Debug|Any CPU
		{86AD6972-8DA5-4AB0-810E-D21A484AC5A3}.Debug|Any CPU.Build.0 = Debug|Any CPU
		{86AD6972-8DA5-4AB0-810E-D21A484AC5A3}.Release|Any CPU.ActiveCfg = Release|Any CPU
		{86AD6972-8DA5-4AB0-810E-D21A484AC5A3}.Release|Any CPU.Build.0 = Release|Any CPU
		{99D5BB70-2469-451D-AB84-62BC0B85704E}.Debug|Any CPU.ActiveCfg = Debug|Any CPU
		{99D5BB70-2469-451D-AB84-62BC0B85704E}.Debug|Any CPU.Build.0 = Debug|Any CPU
		{99D5BB70-2469-451D-AB84-62BC0B85704E}.Release|Any CPU.ActiveCfg = Release|Any CPU
		{99D5BB70-2469-451D-AB84-62BC0B85704E}.Release|Any CPU.Build.0 = Release|Any CPU
	EndGlobalSection
	GlobalSection(SolutionProperties) = preSolution
		HideSolutionNode = FALSE
	EndGlobalSection
	GlobalSection(ExtensibilityGlobals) = postSolution
		SolutionGuid = {FB9431D4-2615-409D-BB6E-03306768C3D2}
	EndGlobalSection
EndGlobal
